{
  "version": 4,
  "terraform_version": "1.3.6",
  "serial": 11,
  "lineage": "e3450107-ccea-26ac-e16e-e7a2da4dc930",
  "outputs": {},
  "resources": [
    {
      "mode": "managed",
      "type": "auth0_branding_theme",
      "name": "my_theme",
      "provider": "provider[\"registry.terraform.io/auth0/auth0\"]",
      "instances": [
        {
          "schema_version": 0,
          "attributes": {
            "borders": [
              {
                "button_border_radius": 1,
                "button_border_weight": 1,
                "buttons_style": "pill",
                "input_border_radius": 3,
                "input_border_weight": 1,
                "inputs_style": "pill",
                "show_widget_shadow": false,
                "widget_border_weight": 1,
                "widget_corner_radius": 3
              }
            ],
            "colors": [
              {
                "base_focus_color": "",
                "base_hover_color": "",
                "body_text": "#FF00CC",
                "error": "#d03c38",
                "header": "#1e212a",
                "icons": "#65676e",
                "input_background": "#ffffff",
                "input_border": "#c9cace",
                "input_filled_text": "#000000",
                "input_labels_placeholders": "#65676e",
                "links_focused_components": "#635dff",
                "primary_button": "#635dff",
                "primary_button_label": "#ffffff",
                "secondary_button_border": "#c9cace",
                "secondary_button_label": "#1e212a",
                "success": "#13a688",
                "widget_background": "#ffffff",
                "widget_border": "#c9cace"
              }
            ],
            "display_name": "",
            "fonts": [
              {
                "body_text": [
                  {
                    "bold": false,
                    "size": 100
                  }
                ],
                "buttons_text": [
                  {
                    "bold": false,
                    "size": 100
                  }
                ],
                "font_url": "https://google.com/font.woff",
                "input_labels": [
                  {
                    "bold": false,
                    "size": 100
                  }
                ],
                "links": [
                  {
                    "bold": false,
                    "size": 100
                  }
                ],
                "links_style": "normal",
                "reference_text_size": 12,
                "subtitle": [
                  {
                    "bold": false,
                    "size": 100
                  }
                ],
                "title": [
                  {
                    "bold": false,
                    "size": 100
                  }
                ]
              }
            ],
            "id": "YDMaNOJ3AOPNT4kPu0r0Ledig2K3LEHV",
            "page_background": [
              {
                "background_color": "#000000",
                "background_image_url": "https://google.com/background.png",
                "page_layout": "center"
              }
            ],
            "widget": [
              {
                "header_text_alignment": "center",
                "logo_height": 55,
                "logo_position": "center",
                "logo_url": "https://google.com/logo.png",
                "social_buttons_layout": "top"
              }
            ]
          },
          "sensitive_attributes": [],
          "private": "bnVsbA=="
        }
      ]
    },
    {
      "mode": "managed",
      "type": "auth0_client",
      "name": "my_client",
      "provider": "provider[\"registry.terraform.io/auth0/auth0\"]",
      "instances": [
        {
          "schema_version": 0,
          "attributes": {
            "addons": [
              {
                "aws": {},
                "azure_blob": {},
                "azure_sb": {},
                "box": {},
                "cloudbees": {},
                "concur": {},
                "dropbox": {},
                "echosign": {},
                "egnyte": {},
                "firebase": {},
                "layer": {},
                "mscrm": {},
                "newrelic": {},
                "office365": {},
                "rms": {},
                "salesforce": {},
                "salesforce_api": {},
                "salesforce_sandbox_api": {},
                "samlp": [
                  {
                    "audience": "https://example.com/saml",
                    "authn_context_class_ref": "",
                    "binding": "",
                    "create_upn_claim": false,
                    "destination": "",
                    "digest_algorithm": "sha1",
                    "include_attribute_name_format": true,
                    "issuer": "https://example.com",
                    "lifetime_in_seconds": 3600,
                    "logout": {},
                    "map_identities": false,
                    "map_unknown_claims_as_is": false,
                    "mappings": {
                      "email": "http://schemas.xmlsoap.org/ws/2005/05/identity/claims/emailaddress",
                      "name": "http://schemas.xmlsoap.org/ws/2005/05/identity/claims/name"
                    },
                    "name_identifier_format": "urn:oasis:names:tc:SAML:2.0:nameid-format:persistent",
                    "name_identifier_probes": [
                      "http://schemas.xmlsoap.org/ws/2005/05/identity/claims/emailaddress"
                    ],
                    "passthrough_claims_with_no_mapping": false,
                    "recipient": "",
                    "sign_response": false,
                    "signature_algorithm": "rsa-sha1",
                    "signing_cert": "-----BEGIN PUBLIC KEY-----\nMIGf...bpP/t3\n+JGNGIRMj1hF1rnb6QIDAQAB\n-----END PUBLIC KEY-----\n",
                    "typed_attributes": true
                  }
                ],
                "sap_api": {},
                "sentry": {},
                "sharepoint": {},
                "slack": {},
                "springcm": {},
                "wams": {},
                "wsfed": {},
                "zendesk": {},
                "zoom": {}
              }
            ],
            "allowed_clients": [],
            "allowed_logout_urls": [
              "https://example.com"
            ],
            "allowed_origins": [
              "https://example.com"
            ],
            "app_type": "spa",
            "callbacks": [
              "https://silverchair.com/ExternalLoginResponse.ashx?elpId=1"
            ],
            "client_aliases": [],
            "client_id": "uJRhwOpWzJmSeVh76upb4dcoCulZqtsG",
            "client_metadata": {},
            "client_secret": "fRkyeiC1PRVSD9VCT7mBp5deGFf5BOx3qVUH-NTuPgVghSlEoW7kS1wvxEpV8kqk",
            "client_secret_rotation_trigger": null,
            "cross_origin_auth": false,
            "cross_origin_loc": "",
            "custom_login_page": "",
            "custom_login_page_on": true,
            "description": "Test Applications Long Description",
            "encryption_key": {},
            "form_template": "",
            "grant_types": [
              "authorization_code",
              "implicit",
              "refresh_token"
            ],
            "id": "uJRhwOpWzJmSeVh76upb4dcoCulZqtsG",
            "initiate_login_uri": "",
            "is_first_party": true,
            "is_token_endpoint_ip_header_trusted": true,
            "jwt_configuration": [
              {
                "alg": "RS256",
                "lifetime_in_seconds": 300,
                "scopes": {
                  "foo": "bar"
                },
                "secret_encoded": true
              }
            ],
            "logo_uri": "",
            "mobile": [],
            "name": "Application - Acceptance Test",
            "native_social_login": [],
            "oidc_conformant": false,
            "organization_require_behavior": "",
            "organization_usage": "",
            "refresh_token": [
              {
                "expiration_type": "non-expiring",
                "idle_token_lifetime": 2592000,
                "infinite_idle_token_lifetime": true,
                "infinite_token_lifetime": true,
                "leeway": 0,
                "rotation_type": "non-rotating",
                "token_lifetime": 31557600
              }
            ],
            "signing_keys": [
              {
                "cert": "-----BEGIN CERTIFICATE-----\r\nMIIDHTCCAgWgAwIBAgIJDGDLGALoMivXMA0GCSqGSIb3DQEBCwUAMCwxKjAoBgNV\r\nBAMTIWRldi0xejBqeHZxdzB0aWt6emhtLnVzLmF1dGgwLmNvbTAeFw0yMjEyMDMw\r\nNzM1NDJaFw0zNjA4MTEwNzM1NDJaMCwxKjAoBgNVBAMTIWRldi0xejBqeHZxdzB0\r\naWt6emhtLnVzLmF1dGgwLmNvbTCCASIwDQYJKoZIhvcNAQEBBQADggEPADCCAQoC\r\nggEBAMH96NCpcgCOnyUg1XYbwpG8MH/Nk0LHHIymjOW1zvmY4yyPCThpODGd7FSa\r\niexEl4mA7FxdFkdnewD2PiRzuGAJ8xS3jd7/5Tds3soacBRD5raBn8InlCr6df3l\r\n4g/BRlwopDCkTpWQQ7/nxDXejWJIwOoXNydPtTDucupiXeeC+Oxg17hRF9mWJP0T\r\ndfjhqNCQP2JJnFnmP2qCnxufknfWqkE7hv92Tr3kgD7N/RA1FhxWx/mZzOybJoew\r\nA18oexF7f84EZTdJ15waLFglqJrQGwQhpmM4WnBNeL0fJbOkApwyBYaPnOtGMaDm\r\nxL3n/K3/k1mQygM7EPpEFMvKiucCAwEAAaNCMEAwDwYDVR0TAQH/BAUwAwEB/zAd\r\nBgNVHQ4EFgQU41yqdIWEWUHvO7+jouHnKvoyU4MwDgYDVR0PAQH/BAQDAgKEMA0G\r\nCSqGSIb3DQEBCwUAA4IBAQCwXnltRDfGmwutky7t3zsd55pz7nCekBCawrRy9/bJ\r\nXe3jtfwzH9KaLSJY0GjR1n+4YCRv6tPbPqeI1VTeofFvU/vMrJkjXNw/3AZVX7/+\r\nq2N48E+5DL1P079UtAFFb9nUJqSlG866wTw5pTqVspubNnj/34a9hvZUsNRxuKyj\r\nLsyyJto9VeM41SPnb8zATCqcNyJ0ILfNOEEIl1u+uvPNUunAZOdYKbE70aZSu9Tl\r\nPlxaPNt7Ob1NkasOsIMwscdw3JnPcB0kN151YZrYKTh7rN3ET3wdA9nBMmSitf3J\r\niOUlZQyisauTleP1TMjpxp+qeeN59U+kZLyNrD+7eCKZ\r\n-----END CERTIFICATE-----",
                "pkcs7": "-----BEGIN PKCS7-----\r\nMIIDTAYJKoZIhvcNAQcCoIIDPTCCAzkCAQExADALBgkqhkiG9w0BBwGgggMhMIID\r\nHTCCAgWgAwIBAgIJDGDLGALoMivXMA0GCSqGSIb3DQEBCwUAMCwxKjAoBgNVBAMT\r\nIWRldi0xejBqeHZxdzB0aWt6emhtLnVzLmF1dGgwLmNvbTAeFw0yMjEyMDMwNzM1\r\nNDJaFw0zNjA4MTEwNzM1NDJaMCwxKjAoBgNVBAMTIWRldi0xejBqeHZxdzB0aWt6\r\nemhtLnVzLmF1dGgwLmNvbTCCASIwDQYJKoZIhvcNAQEBBQADggEPADCCAQoCggEB\r\nAMH96NCpcgCOnyUg1XYbwpG8MH/Nk0LHHIymjOW1zvmY4yyPCThpODGd7FSaiexE\r\nl4mA7FxdFkdnewD2PiRzuGAJ8xS3jd7/5Tds3soacBRD5raBn8InlCr6df3l4g/B\r\nRlwopDCkTpWQQ7/nxDXejWJIwOoXNydPtTDucupiXeeC+Oxg17hRF9mWJP0Tdfjh\r\nqNCQP2JJnFnmP2qCnxufknfWqkE7hv92Tr3kgD7N/RA1FhxWx/mZzOybJoewA18o\r\nexF7f84EZTdJ15waLFglqJrQGwQhpmM4WnBNeL0fJbOkApwyBYaPnOtGMaDmxL3n\r\n/K3/k1mQygM7EPpEFMvKiucCAwEAAaNCMEAwDwYDVR0TAQH/BAUwAwEB/zAdBgNV\r\nHQ4EFgQU41yqdIWEWUHvO7+jouHnKvoyU4MwDgYDVR0PAQH/BAQDAgKEMA0GCSqG\r\nSIb3DQEBCwUAA4IBAQCwXnltRDfGmwutky7t3zsd55pz7nCekBCawrRy9/bJXe3j\r\ntfwzH9KaLSJY0GjR1n+4YCRv6tPbPqeI1VTeofFvU/vMrJkjXNw/3AZVX7/+q2N4\r\n8E+5DL1P079UtAFFb9nUJqSlG866wTw5pTqVspubNnj/34a9hvZUsNRxuKyjLsyy\r\nJto9VeM41SPnb8zATCqcNyJ0ILfNOEEIl1u+uvPNUunAZOdYKbE70aZSu9TlPlxa\r\nPNt7Ob1NkasOsIMwscdw3JnPcB0kN151YZrYKTh7rN3ET3wdA9nBMmSitf3JiOUl\r\nZQyisauTleP1TMjpxp+qeeN59U+kZLyNrD+7eCKZMQA=\r\n-----END PKCS7-----\r\n",
                "subject": "deprecated"
              }
            ],
            "sso": false,
            "sso_disabled": false,
            "token_endpoint_auth_method": "client_secret_post",
            "web_origins": [
              "https://example.com"
            ]
          },
          "sensitive_attributes": [],
          "private": "bnVsbA=="
        }
      ]
    },
    {
      "mode": "managed",
      "type": "auth0_rule",
      "name": "saml_attributes_mapping",
      "provider": "provider[\"registry.terraform.io/auth0/auth0\"]",
      "instances": [
        {
          "schema_version": 0,
          "attributes": {
            "enabled": true,
            "id": "rul_i5Io0OA76P9E5oR1",
            "name": "Saml Attributes mapping",
            "order": 1,
            "script": "function(user, context, callback) {\r\n    callback(null, user, context);\r\n}"
          },
          "sensitive_attributes": [],
          "private": "bnVsbA=="
        }
      ]
    }
  ],
  "check_results": null
}
